# THIS IS AN AUTOGENERATED FILE. DO NOT EDIT THIS FILE DIRECTLY.
# yarn lockfile v1


"@fortawesome/fontawesome-free@^5.10.2":
  version "5.11.2"
  resolved "https://registry.yarnpkg.com/@fortawesome/fontawesome-free/-/fontawesome-free-5.11.2.tgz#8644bc25b19475779a7b7c1fc104bc0a794f4465"
  integrity sha512-XiUPoS79r1G7PcpnNtq85TJ7inJWe0v+b5oZJZKb0pGHNIV6+UiNeQWiFGmuQ0aj7GEhnD/v9iqxIsjuRKtEnQ==

bootstrap@^4.3.1:
  version "4.3.1"
  resolved "https://registry.yarnpkg.com/bootstrap/-/bootstrap-4.3.1.tgz#280ca8f610504d99d7b6b4bfc4b68cec601704ac"
  integrity sha512-rXqOmH1VilAt2DyPzluTi2blhk17bO7ef+zLLPlWvG494pDxcM234pJ8wTc/6R40UWizAIIMgxjvxZg5kmsbag==

clipboard@^2.0.0:
  version "2.0.4"
  resolved "https://registry.yarnpkg.com/clipboard/-/clipboard-2.0.4.tgz#836dafd66cf0fea5d71ce5d5b0bf6e958009112d"
  integrity sha512-Vw26VSLRpJfBofiVaFb/I8PVfdI1OxKcYShe6fm0sP/DtmiWQNCjhM/okTvdCo0G+lMMm1rMYbk4IK4x1X+kgQ==
  dependencies:
    good-listener "^1.2.2"
    select "^1.1.2"
    tiny-emitter "^2.0.0"

datatables.net-bs4@^1.10.19:
  version "1.10.20"
  resolved "https://registry.yarnpkg.com/datatables.net-bs4/-/datatables.net-bs4-1.10.20.tgz#beff1c8d3510826c0678eaa055270607c0e53882"
  integrity sha512-kQmMUMsHMOlAW96ztdoFqjSbLnlGZQ63iIM82kHbmldsfYdzuyhbb4hTx6YNBi481WCO3iPSvI6YodNec46ZAw==
  dependencies:
    datatables.net "1.10.20"
    jquery ">=1.7"

datatables.net@1.10.20:
  version "1.10.20"
  resolved "https://registry.yarnpkg.com/datatables.net/-/datatables.net-1.10.20.tgz#9d65ecc3c83cbe7baa4fa5a053405c8fe42c1350"
  integrity sha512-4E4S7tTU607N3h0fZPkGmAtr9mwy462u+VJ6gxYZ8MxcRIjZqHy3Dv1GNry7i3zQCktTdWbULVKBbkAJkuHEnQ==
  dependencies:
    jquery ">=1.7"

delegate@^3.1.2:
  version "3.2.0"
  resolved "https://registry.yarnpkg.com/delegate/-/delegate-3.2.0.tgz#b66b71c3158522e8ab5744f720d8ca0c2af59166"
  integrity sha512-IofjkYBZaZivn0V8nnsMJGBr4jVLxHDheKSW88PyxS5QC4Vo9ZbZVvhzlSxY87fVq3STR6r+4cGepyHkcWOQSw==

ekko-lightbox@^5.3.0:
  version "5.3.0"
  resolved "https://registry.yarnpkg.com/ekko-lightbox/-/ekko-lightbox-5.3.0.tgz#fbfcd9df93a8d1cdbf8770adc8c05aaac4d24f56"
  integrity sha512-mbacwySuVD3Ad6F2hTkjSTvJt59bcVv2l/TmBerp4xZnLak8tPtA4AScUn4DL42c1ksTiAO6sGhJZ52P/1Qgew==

flag-icon-css@^3.3.0:
  version "3.4.2"
  resolved "https://registry.yarnpkg.com/flag-icon-css/-/flag-icon-css-3.4.2.tgz#9d76e2ce96bee87bd65ef241c238fff5ab7dac93"
  integrity sha512-x/Tw0qx7V2zut50GTeeJbvo9EiWtv+TPxI3fi1OiicbI8esZ1s4G2LnR1EJ96pDQlWqEVuD17sDPf/ZLifZeIg==
  dependencies:
    opencollective-postinstall "2.0.2"

good-listener@^1.2.2:
  version "1.2.2"
  resolved "https://registry.yarnpkg.com/good-listener/-/good-listener-1.2.2.tgz#d53b30cdf9313dffb7dc9a0d477096aa6d145c50"
  integrity sha1-1TswzfkxPf+33JoNR3CWqm0UXFA=
  dependencies:
    delegate "^3.1.2"

jquery-scrollTo@^0.2.2:
  version "0.2.2"
  resolved "https://registry.yarnpkg.com/jquery-scrollTo/-/jquery-scrollTo-0.2.2.tgz#40b1be86fab5c51d39155bfeefda42105a7f607b"
  integrity sha512-P6nHyAPC/TXJOxhcyye339YSKoFlDolLRj052HGCNfr7aVPd5bCW9OA0gsTLiuStYxOM3WLPdDGWbYkJ83N8SA==
  dependencies:
    jquery ">=2.2.0"

jquery@>=1.7, jquery@>=2.2.0, jquery@^3.4.1:
  version "3.4.1"
  resolved "https://registry.yarnpkg.com/jquery/-/jquery-3.4.1.tgz#714f1f8d9dde4bdfa55764ba37ef214630d80ef2"
  integrity sha512-36+AdBzCL+y6qjw5Tx7HgzeGCzC81MDDgaUP8ld2zhx58HdqXGoBd+tHdrBMiyjGQs0Hxs/MLZTu/eHNJJuWPw==

opencollective-postinstall@2.0.2:
  version "2.0.2"
  resolved "https://registry.yarnpkg.com/opencollective-postinstall/-/opencollective-postinstall-2.0.2.tgz#5657f1bede69b6e33a45939b061eb53d3c6c3a89"
  integrity sha512-pVOEP16TrAO2/fjej1IdOyupJY8KDUM1CvsaScRbw6oddvpQoOfGk4ywha0HKKVAD6RkW4x6Q+tNBwhf3Bgpuw==

popper.js@^1.14.7:
  version "1.16.0"
  resolved "https://registry.yarnpkg.com/popper.js/-/popper.js-1.16.0.tgz#2e1816bcbbaa518ea6c2e15a466f4cb9c6e2fbb3"
  integrity sha512-+G+EkOPoE5S/zChTpmBSSDYmhXJ5PsW8eMhH8cP/CQHMFPBG/kC9Y5IIw6qNYgdJ+/COf0ddY2li28iHaZRSjw==

prismjs@^1.17.1:
  version "1.17.1"
  resolved "https://registry.yarnpkg.com/prismjs/-/prismjs-1.17.1.tgz#e669fcbd4cdd873c35102881c33b14d0d68519be"
  integrity sha512-PrEDJAFdUGbOP6xK/UsfkC5ghJsPJviKgnQOoxaDbBjwc8op68Quupwt1DeAFoG8GImPhiKXAvvsH7wDSLsu1Q==
  optionalDependencies:
    clipboard "^2.0.0"

select@^1.1.2:
  version "1.1.2"
  resolved "https://registry.yarnpkg.com/select/-/select-1.1.2.tgz#0e7350acdec80b1108528786ec1d4418d11b396d"
  integrity sha1-DnNQrN7ICxEIUoeG7B1EGNEbOW0=

tiny-emitter@^2.0.0:
  version "2.1.0"
  resolved "https://registry.yarnpkg.com/tiny-emitter/-/tiny-emitter-2.1.0.tgz#1d1a56edfc51c43e863cbb5382a72330e3555423"
  integrity sha512-NB6Dk1A9xgQPMoGqC5CVXn123gWyte215ONT5Pp5a0yt4nlEoO1ZWeCwpncaekPHXO60i47ihFnZPiRPjRMq4Q==
